// !$*UTF8*$!
{
	archiveVersion = 1;
	classes = {
	};
	objectVersion = 50;
	objects = {

/* Begin PBXBuildFile section */
		861C7986251D79FB0079EC20 /* AppDelegate.swift in Sources */ = {isa = PBXBuildFile; fileRef = 861C7985251D79FB0079EC20 /* AppDelegate.swift */; };
		861C7988251D79FB0079EC20 /* SceneDelegate.swift in Sources */ = {isa = PBXBuildFile; fileRef = 861C7987251D79FB0079EC20 /* SceneDelegate.swift */; };
		861C798A251D79FB0079EC20 /* ViewController.swift in Sources */ = {isa = PBXBuildFile; fileRef = 861C7989251D79FB0079EC20 /* ViewController.swift */; };
		861C798D251D79FB0079EC20 /* Main.storyboard in Resources */ = {isa = PBXBuildFile; fileRef = 861C798B251D79FB0079EC20 /* Main.storyboard */; };
		861C798F251D79FC0079EC20 /* Assets.xcassets in Resources */ = {isa = PBXBuildFile; fileRef = 861C798E251D79FC0079EC20 /* Assets.xcassets */; };
		861C7992251D79FC0079EC20 /* LaunchScreen.storyboard in Resources */ = {isa = PBXBuildFile; fileRef = 861C7990251D79FC0079EC20 /* LaunchScreen.storyboard */; };
		861C799B251D7AB80079EC20 /* Student.swift in Sources */ = {isa = PBXBuildFile; fileRef = 861C799A251D7AB80079EC20 /* Student.swift */; };
		865F77A4252FF28A004798A4 /* DataModel.swift in Sources */ = {isa = PBXBuildFile; fileRef = 865F77A3252FF28A004798A4 /* DataModel.swift */; };
		8668C35B2524150E0044BEC2 /* AddStudentViewController.swift in Sources */ = {isa = PBXBuildFile; fileRef = 8668C35A2524150E0044BEC2 /* AddStudentViewController.swift */; };
/* End PBXBuildFile section */

/* Begin PBXFileReference section */
		861C7982251D79FB0079EC20 /* StudentsApp.app */ = {isa = PBXFileReference; explicitFileType = wrapper.application; includeInIndex = 0; path = StudentsApp.app; sourceTree = BUILT_PRODUCTS_DIR; };
		861C7985251D79FB0079EC20 /* AppDelegate.swift */ = {isa = PBXFileReference; lastKnownFileType = sourcecode.swift; path = AppDelegate.swift; sourceTree = "<group>"; };
		861C7987251D79FB0079EC20 /* SceneDelegate.swift */ = {isa = PBXFileReference; lastKnownFileType = sourcecode.swift; path = SceneDelegate.swift; sourceTree = "<group>"; };
		861C7989251D79FB0079EC20 /* ViewController.swift */ = {isa = PBXFileReference; lastKnownFileType = sourcecode.swift; path = ViewController.swift; sourceTree = "<group>"; };
		861C798C251D79FB0079EC20 /* Base */ = {isa = PBXFileReference; lastKnownFileType = file.storyboard; name = Base; path = Base.lproj/Main.storyboard; sourceTree = "<group>"; };
		861C798E251D79FC0079EC20 /* Assets.xcassets */ = {isa = PBXFileReference; lastKnownFileType = folder.assetcatalog; path = Assets.xcassets; sourceTree = "<group>"; };
		861C7991251D79FC0079EC20 /* Base */ = {isa = PBXFileReference; lastKnownFileType = file.storyboard; name = Base; path = Base.lproj/LaunchScreen.storyboard; sourceTree = "<group>"; };
		861C7993251D79FC0079EC20 /* Info.plist */ = {isa = PBXFileReference; lastKnownFileType = text.plist.xml; path = Info.plist; sourceTree = "<group>"; };
		861C799A251D7AB80079EC20 /* Student.swift */ = {isa = PBXFileReference; lastKnownFileType = sourcecode.swift; path = Student.swift; sourceTree = "<group>"; };
		865F77A3252FF28A004798A4 /* DataModel.swift */ = {isa = PBXFileReference; lastKnownFileType = sourcecode.swift; path = DataModel.swift; sourceTree = "<group>"; };
		8668C35A2524150E0044BEC2 /* AddStudentViewController.swift */ = {isa = PBXFileReference; lastKnownFileType = sourcecode.swift; path = AddStudentViewController.swift; sourceTree = "<group>"; };
/* End PBXFileReference section */

/* Begin PBXFrameworksBuildPhase section */
		861C797F251D79FB0079EC20 /* Frameworks */ = {
			isa = PBXFrameworksBuildPhase;
			buildActionMask = 2147483647;
			files = (
			);
			runOnlyForDeploymentPostprocessing = 0;
		};
/* End PBXFrameworksBuildPhase section */

/* Begin PBXGroup section */
		861C7979251D79FB0079EC20 = {
			isa = PBXGroup;
			children = (
				861C7984251D79FB0079EC20 /* StudentsApp */,
				861C7983251D79FB0079EC20 /* Products */,
			);
			sourceTree = "<group>";
		};
		861C7983251D79FB0079EC20 /* Products */ = {
			isa = PBXGroup;
			children = (
				861C7982251D79FB0079EC20 /* StudentsApp.app */,
			);
			name = Products;
			sourceTree = "<group>";
		};
		861C7984251D79FB0079EC20 /* StudentsApp */ = {
			isa = PBXGroup;
			children = (
				861C7985251D79FB0079EC20 /* AppDelegate.swift */,
				861C7987251D79FB0079EC20 /* SceneDelegate.swift */,
				861C7989251D79FB0079EC20 /* ViewController.swift */,
				8668C35A2524150E0044BEC2 /* AddStudentViewController.swift */,
				861C798B251D79FB0079EC20 /* Main.storyboard */,
				861C798E251D79FC0079EC20 /* Assets.xcassets */,
				861C7990251D79FC0079EC20 /* LaunchScreen.storyboard */,
				861C7993251D79FC0079EC20 /* Info.plist */,
				861C799A251D7AB80079EC20 /* Student.swift */,
				865F77A3252FF28A004798A4 /* DataModel.swift */,
			);
			path = StudentsApp;
			sourceTree = "<group>";
		};
/* End PBXGroup section */

/* Begin PBXNativeTarget section */
		861C7981251D79FB0079EC20 /* StudentsApp */ = {
			isa = PBXNativeTarget;
			buildConfigurationList = 861C7996251D79FC0079EC20 /* Build configuration list for PBXNativeTarget "StudentsApp" */;
			buildPhases = (
				861C797E251D79FB0079EC20 /* Sources */,
				861C797F251D79FB0079EC20 /* Frameworks */,
				861C7980251D79FB0079EC20 /* Resources */,
			);
			buildRules = (
			);
			dependencies = (
			);
			name = StudentsApp;
			productName = StudentsApp;
			productReference = 861C7982251D79FB0079EC20 /* StudentsApp.app */;
			productType = "com.apple.product-type.application";
		};
/* End PBXNativeTarget section */

/* Begin PBXProject section */
		861C797A251D79FB0079EC20 /* Project object */ = {
			isa = PBXProject;
			attributes = {
				LastSwiftUpdateCheck = 1200;
				LastUpgradeCheck = 1200;
				TargetAttributes = {
					861C7981251D79FB0079EC20 = {
						CreatedOnToolsVersion = 12.0;
					};
				};
			};
			buildConfigurationList = 861C797D251D79FB0079EC20 /* Build configuration list for PBXProject "StudentsApp" */;
			compatibilityVersion = "Xcode 9.3";
			developmentRegion = en;
			hasScannedForEncodings = 0;
			knownRegions = (
				en,
				Base,
			);
			mainGroup = 861C7979251D79FB0079EC20;
			productRefGroup = 861C7983251D79FB0079EC20 /* Products */;
			projectDirPath = "";
			projectRoot = "";
			targets = (
				861C7981251D79FB0079EC20 /* StudentsApp */,
			);
		};
/* End PBXProject section */

/* Begin PBXResourcesBuildPhase section */
		861C7980251D79FB0079EC20 /* Resources */ = {
			isa = PBXResourcesBuildPhase;
			buildActionMask = 2147483647;
			files = (
				861C7992251D79FC0079EC20 /* LaunchScreen.storyboard in Resources */,
				861C798F251D79FC0079EC20 /* Assets.xcassets in Resources */,
				861C798D251D79FB0079EC20 /* Main.storyboard in Resources */,
			);
			runOnlyForDeploymentPostprocessing = 0;
		};
/* End PBXResourcesBuildPhase section */

/* Begin PBXSourcesBuildPhase section */
		861C797E251D79FB0079EC20 /* Sources */ = {
			isa = PBXSourcesBuildPhase;
			buildActionMask = 2147483647;
			files = (
				861C798A251D79FB0079EC20 /* ViewController.swift in Sources */,
				8668C35B2524150E0044BEC2 /* AddStudentViewController.swift in Sources */,
				861C7986251D79FB0079EC20 /* AppDelegate.swift in Sources */,
				861C7988251D79FB0079EC20 /* SceneDelegate.swift in Sources */,
				861C799B251D7AB80079EC20 /* Student.swift in Sources */,
				865F77A4252FF28A004798A4 /* DataModel.swift in Sources */,
			);
			runOnlyForDeploymentPostprocessing = 0;
		};
/* End PBXSourcesBuildPhase section */

/* Begin PBXVariantGroup section */
		861C798B251D79FB0079EC20 /* Main.storyboard */ = {
			isa = PBXVariantGroup;
			children = (
				861C798C251D79FB0079EC20 /* Base */,
			);
			name = Main.storyboard;
			sourceTree = "<group>";
		};
		861C7990251D79FC0079EC20 /* LaunchScreen.storyboard */ = {
			isa = PBXVariantGroup;
			children = (
				861C7991251D79FC0079EC20 /* Base */,
			);
			name = LaunchScreen.storyboard;
			sourceTree = "<group>";
		};
/* End PBXVariantGroup section */

/* Begin XCBuildConfiguration section */
		861C7994251D79FC0079EC20 /* Debug */ = {
			isa = XCBuildConfiguration;
			buildSettings = {
				ALWAYS_SEARCH_USER_PATHS = NO;
				CLANG_ANALYZER_NONNULL = YES;
				CLANG_ANALYZER_NUMBER_OBJECT_CONVERSION = YES_AGGRESSIVE;
				CLANG_CXX_LANGUAGE_STANDARD = "gnu++14";
				CLANG_CXX_LIBRARY = "libc++";
				CLANG_ENABLE_MODULES = YES;
				CLANG_ENABLE_OBJC_ARC = YES;
				CLANG_ENABLE_OBJC_WEAK = YES;
				CLANG_WARN_BLOCK_CAPTURE_AUTORELEASING = YES;
				CLANG_WARN_BOOL_CONVERSION = YES;
				CLANG_WARN_COMMA = YES;
				CLANG_WARN_CONSTANT_CONVERSION = YES;
				CLANG_WARN_DEPRECATED_OBJC_IMPLEMENTATIONS = YES;
				CLANG_WARN_DIRECT_OBJC_ISA_USAGE = YES_ERROR;
				CLANG_WARN_DOCUMENTATION_COMMENTS = YES;
				CLANG_WARN_EMPTY_BODY = YES;
				CLANG_WARN_ENUM_CONVERSION = YES;
				CLANG_WARN_INFINITE_RECURSION = YES;
				CLANG_WARN_INT_CONVERSION = YES;
				CLANG_WARN_NON_LITERAL_NULL_CONVERSION = YES;
				CLANG_WARN_OBJC_IMPLICIT_RETAIN_SELF = YES;
				CLANG_WARN_OBJC_LITERAL_CONVERSION = YES;
				CLANG_WARN_OBJC_ROOT_CLASS = YES_ERROR;
				CLANG_WARN_QUOTED_INCLUDE_IN_FRAMEWORK_HEADER = YES;
				CLANG_WARN_RANGE_LOOP_ANALYSIS = YES;
				CLANG_WARN_STRICT_PROTOTYPES = YES;
				CLANG_WARN_SUSPICIOUS_MOVE = YES;
				CLANG_WARN_UNGUARDED_AVAILABILITY = YES_AGGRESSIVE;
				CLANG_WARN_UNREACHABLE_CODE = YES;
				CLANG_WARN__DUPLICATE_METHOD_MATCH = YES;
				COPY_PHASE_STRIP = NO;
				DEBUG_INFORMATION_FORMAT = dwarf;
				ENABLE_STRICT_OBJC_MSGSEND = YES;
				ENABLE_TESTABILITY = YES;
				GCC_C_LANGUAGE_STANDARD = gnu11;
				GCC_DYNAMIC_NO_PIC = NO;
				GCC_NO_COMMON_BLOCKS = YES;
				GCC_OPTIMIZATION_LEVEL = 0;
				GCC_PREPROCESSOR_DEFINITIONS = (
					"DEBUG=1",
					"$(inherited)",
				);
				GCC_WARN_64_TO_32_BIT_CONVERSION = YES;
				GCC_WARN_ABOUT_RETURN_TYPE = YES_ERROR;
				GCC_WARN_UNDECLARED_SELECTOR = YES;
				GCC_WARN_UNINITIALIZED_AUTOS = YES_AGGRESSIVE;
				GCC_WARN_UNUSED_FUNCTION = YES;
				GCC_WARN_UNUSED_VARIABLE = YES;
				IPHONEOS_DEPLOYMENT_TARGET = 14.0;
				MTL_ENABLE_DEBUG_INFO = INCLUDE_SOURCE;
				MTL_FAST_MATH = YES;
				ONLY_ACTIVE_ARCH = YES;
				SDKROOT = iphoneos;
				SWIFT_ACTIVE_COMPILATION_CONDITIONS = DEBUG;
				SWIFT_OPTIMIZATION_LEVEL = "-Onone";
			};
			name = Debug;
		};
		861C7995251D79FC0079EC20 /* Release */ = {
			isa = XCBuildConfiguration;
			buildSettings = {
				ALWAYS_SEARCH_USER_PATHS = NO;
				CLANG_ANALYZER_NONNULL = YES;
				CLANG_ANALYZER_NUMBER_OBJECT_CONVERSION = YES_AGGRESSIVE;
				CLANG_CXX_LANGUAGE_STANDARD = "gnu++14";
				CLANG_CXX_LIBRARY = "libc++";
				CLANG_ENABLE_MODULES = YES;
				CLANG_ENABLE_OBJC_ARC = YES;
				CLANG_ENABLE_OBJC_WEAK = YES;
				CLANG_WARN_BLOCK_CAPTURE_AUTORELEASING = YES;
				CLANG_WARN_BOOL_CONVERSION = YES;
				CLANG_WARN_COMMA = YES;
				CLANG_WARN_CONSTANT_CONVERSION = YES;
				CLANG_WARN_DEPRECATED_OBJC_IMPLEMENTATIONS = YES;
				CLANG_WARN_DIRECT_OBJC_ISA_USAGE = YES_ERROR;
				CLANG_WARN_DOCUMENTATION_COMMENTS = YES;
				CLANG_WARN_EMPTY_BODY = YES;
				CLANG_WARN_ENUM_CONVERSION = YES;
				CLANG_WARN_INFINITE_RECURSION = YES;
				CLANG_WARN_INT_CONVERSION = YES;
				CLANG_WARN_NON_LITERAL_NULL_CONVERSION = YES;
				CLANG_WARN_OBJC_IMPLICIT_RETAIN_SELF = YES;
				CLANG_WARN_OBJC_LITERAL_CONVERSION = YES;
				CLANG_WARN_OBJC_ROOT_CLASS = YES_ERROR;
				CLANG_WARN_QUOTED_INCLUDE_IN_FRAMEWORK_HEADER = YES;
				CLANG_WARN_RANGE_LOOP_ANALYSIS = YES;
				CLANG_WARN_STRICT_PROTOTYPES = YES;
				CLANG_WARN_SUSPICIOUS_MOVE = YES;
				CLANG_WARN_UNGUARDED_AVAILABILITY = YES_AGGRESSIVE;
				CLANG_WARN_UNREACHABLE_CODE = YES;
				CLANG_WARN__DUPLICATE_METHOD_MATCH = YES;
				COPY_PHASE_STRIP = NO;
				DEBUG_INFORMATION_FORMAT = "dwarf-with-dsym";
				ENABLE_NS_ASSERTIONS = NO;
				ENABLE_STRICT_OBJC_MSGSEND = YES;
				GCC_C_LANGUAGE_STANDARD = gnu11;
				GCC_NO_COMMON_BLOCKS = YES;
				GCC_WARN_64_TO_32_BIT_CONVERSION = YES;
				GCC_WARN_ABOUT_RETURN_TYPE = YES_ERROR;
				GCC_WARN_UNDECLARED_SELECTOR = YES;
				GCC_WARN_UNINITIALIZED_AUTOS = YES_AGGRESSIVE;
				GCC_WARN_UNUSED_FUNCTION = YES;
				GCC_WARN_UNUSED_VARIABLE = YES;
				IPHONEOS_DEPLOYMENT_TARGET = 14.0;
				MTL_ENABLE_DEBUG_INFO = NO;
				MTL_FAST_MATH = YES;
				SDKROOT = iphoneos;
				SWIFT_COMPILATION_MODE = wholemodule;
				SWIFT_OPTIMIZATION_LEVEL = "-O";
				VALIDATE_PRODUCT = YES;
			};
			name = Release;
		};
		861C7997251D79FC0079EC20 /* Debug */ = {
			isa = XCBuildConfiguration;
			buildSettings = {
				ASSETCATALOG_COMPILER_APPICON_NAME = AppIcon;
				ASSETCATALOG_COMPILER_GLOBAL_ACCENT_COLOR_NAME = AccentColor;
				CODE_SIGN_STYLE = Automatic;
				DEVELOPMENT_TEAM = H5KMAH689C;
				INFOPLIST_FILE = StudentsApp/Info.plist;
				LD_RUNPATH_SEARCH_PATHS = (
					"$(inherited)",
					"@executable_path/Frameworks",
				);
				PRODUCT_BUNDLE_IDENTIFIER = com.aslanarapbaev.StudentsApp;
				PRODUCT_NAME = "$(TARGET_NAME)";
				SWIFT_VERSION = 5.0;
				TARGETED_DEVICE_FAMILY = "1,2";
			};
			name = Debug;
		};
		861C7998251D79FC0079EC20 /* Release */ = {
			isa = XCBuildConfiguration;
			buildSettings = {
				ASSETCATALOG_COMPILER_APPICON_NAME = AppIcon;
				ASSETCATALOG_COMPILER_GLOBAL_ACCENT_COLOR_NAME = AccentColor;
				CODE_SIGN_STYLE = Automatic;
				DEVELOPMENT_TEAM = H5KMAH689C;
				INFOPLIST_FILE = StudentsApp/Info.plist;
				LD_RUNPATH_SEARCH_PATHS = (
					"$(inherited)",
					"@executable_path/Frameworks",
				);
				PRODUCT_BUNDLE_IDENTIFIER = com.aslanarapbaev.StudentsApp;
				PRODUCT_NAME = "$(TARGET_NAME)";
				SWIFT_VERSION = 5.0;
				TARGETED_DEVICE_FAMILY = "1,2";
			};
			name = Release;
		};
/* End XCBuildConfiguration section */

/* Begin XCConfigurationList section */
		861C797D251D79FB0079EC20 /* Build configuration list for PBXProject "StudentsApp" */ = {
			isa = XCConfigurationList;
			buildConfigurations = (
				861C7994251D79FC0079EC20 /* Debug */,
				861C7995251D79FC0079EC20 /* Release */,
			);
			defaultConfigurationIsVisible = 0;
			defaultConfigurationName = Release;
		};
		861C7996251D79FC0079EC20 /* Build configuration list for PBXNativeTarget "StudentsApp" */ = {
			isa = XCConfigurationList;
			buildConfigurations = (
				861C7997251D79FC0079EC20 /* Debug */,
				861C7998251D79FC0079EC20 /* Release */,
			);
			defaultConfigurationIsVisible = 0;
			defaultConfigurationName = Release;
		};
/* End XCConfigurationList section */
	};
	rootObject = 861C797A251D79FB0079EC20 /* Project object */;
}
